<?xml version="1.0" encoding="utf-8"?>
<Project ToolsVersion="4.0" xmlns="http://schemas.microsoft.com/developer/msbuild/2003">
  <ItemGroup>
    <Filter Include="Source Files">
      <UniqueIdentifier>{4FC737F1-C7A5-4376-A066-2A32D752A2FF}</UniqueIdentifier>
      <Extensions>cpp;c;cc;cxx;c++;cppm;ixx;def;odl;idl;hpj;bat;asm;asmx</Extensions>
    </Filter>
    <Filter Include="Header Files">
      <UniqueIdentifier>{93995380-89BD-4b04-88EB-625FBE52EBFB}</UniqueIdentifier>
      <Extensions>h;hh;hpp;hxx;h++;hm;inl;inc;ipp;xsd</Extensions>
    </Filter>
    <Filter Include="Resource Files">
      <UniqueIdentifier>{67DA6AB6-F800-4c08-8B7A-83BB121AAD01}</UniqueIdentifier>
      <Extensions>rc;ico;cur;bmp;dlg;rc2;rct;bin;rgs;gif;jpg;jpeg;jpe;resx;tiff;tif;png;wav;mfcribbon-ms</Extensions>
    </Filter>
    <Filter Include="stb">
      <UniqueIdentifier>{8c09447e-ac44-4cd9-88e4-809505144b41}</UniqueIdentifier>
    </Filter>
    <Filter Include="Resource Files\Maps">
      <UniqueIdentifier>{73761fdd-ee17-4b85-bf2f-3aa463ed410a}</UniqueIdentifier>
    </Filter>
    <Filter Include="Libraries">
      <UniqueIdentifier>{881a84c0-675c-40c8-93c1-987b783607ce}</UniqueIdentifier>
    </Filter>
  </ItemGroup>
  <ItemGroup>
    <ClCompile Include="stb.cpp">
      <Filter>stb</Filter>
    </ClCompile>
    <ClCompile Include="Source.cpp">
      <Filter>Source Files</Filter>
    </ClCompile>
  </ItemGroup>
  <ItemGroup>
    <Image Include="Maps\testMap.png">
      <Filter>Resource Files\Maps</Filter>
    </Image>
    <Image Include="Maps\smallTest.png">
      <Filter>Resource Files\Maps</Filter>
    </Image>
    <Image Include="Maps\testMap16.png">
      <Filter>Resource Files\Maps</Filter>
    </Image>
    <Image Include="Maps\AryanMaze.png">
      <Filter>Resource Files\Maps</Filter>
    </Image>
    <Image Include="Maps\AryanMaze2.png">
      <Filter>Resource Files\Maps</Filter>
    </Image>
    <Image Include="Maps\AryanMaze3.png">
      <Filter>Resource Files\Maps</Filter>
    </Image>
    <Image Include="Maps\TestMap128.png">
      <Filter>Resource Files\Maps</Filter>
    </Image>
    <Image Include="Maps\maze5.png">
      <Filter>Resource Files\Maps</Filter>
    </Image>
    <Image Include="Maps\maze6.png">
      <Filter>Resource Files\Maps</Filter>
    </Image>
    <Image Include="Maps\maze7.png">
      <Filter>Resource Files\Maps</Filter>
    </Image>
    <Image Include="Maps\testMap512.png">
      <Filter>Resource Files\Maps</Filter>
    </Image>
    <Image Include="Maps\finalMaze.png">
      <Filter>Resource Files\Maps</Filter>
    </Image>
    <Image Include="Maps\final2.png">
      <Filter>Resource Files\Maps</Filter>
    </Image>
  </ItemGroup>
</Project>